
Microsoft Visual Studio Solution File, Format Version 12.00
# Visual Studio Version 17
VisualStudioVersion = 17.8.34525.116
MinimumVisualStudioVersion = 10.0.40219.1
Project("{FAE04EC0-301F-11D3-BF4B-00C04F79EFBC}") = "FreedomUnits", "FreedomUnits\FreedomUnits.csproj", "{C181BD05-FAB0-47BE-8A72-DF9F6B190832}"
EndProject
Global
	GlobalSection(SolutionConfigurationPlatforms) = preSolution
		Debug|Any CPU = Debug|Any CPU
		Release|Any CPU = Release|Any CPU
	EndGlobalSection
	GlobalSection(ProjectConfigurationPlatforms) = postSolution
		{C181BD05-FAB0-47BE-8A72-DF9F6B190832}.Debug|Any CPU.ActiveCfg = Debug|Any CPU
		{C181BD05-FAB0-47BE-8A72-DF9F6B190832}.Debug|Any CPU.Build.0 = Debug|Any CPU
		{C181BD05-FAB0-47BE-8A72-DF9F6B190832}.Release|Any CPU.ActiveCfg = Release|Any CPU
		{C181BD05-FAB0-47BE-8A72-DF9F6B190832}.Release|Any CPU.Build.0 = Release|Any CPU
	EndGlobalSection
	GlobalSection(SolutionProperties) = preSolution
		HideSolutionNode = FALSE
	EndGlobalSection
	GlobalSection(ExtensibilityGlobals) = postSolution
		SolutionGuid = {122F788F-96C5-4BE6-952C-4B6B718F8525}
	EndGlobalSection
EndGlobal
